// !$*UTF8*$!
{
	archiveVersion = 1;
	classes = {
	};
	objectVersion = 56;
	objects = {

/* Begin PBXBuildFile section */
		D354FE9E297A443600120A57 /* CharacterViewModel.swift in Sources */ = {isa = PBXBuildFile; fileRef = D354FE9D297A443600120A57 /* CharacterViewModel.swift */; };
		D354FEA0297A461500120A57 /* RickAndMortyAPIConstans.swift in Sources */ = {isa = PBXBuildFile; fileRef = D354FE9F297A461500120A57 /* RickAndMortyAPIConstans.swift */; };
		D3741F92297901AD00217E01 /* CharactersView.swift in Sources */ = {isa = PBXBuildFile; fileRef = D3741F91297901AD00217E01 /* CharactersView.swift */; };
		D38602D72975EB8200B4CA5C /* ServiceCoordinator.swift in Sources */ = {isa = PBXBuildFile; fileRef = D38602D62975EB8200B4CA5C /* ServiceCoordinator.swift */; };
		D38602DF2975F2A700B4CA5C /* RickAndMortyAPITests.swift in Sources */ = {isa = PBXBuildFile; fileRef = D38602DE2975F2A700B4CA5C /* RickAndMortyAPITests.swift */; };
		D38602EA2975F57B00B4CA5C /* ServiceCoordinatorTests.swift in Sources */ = {isa = PBXBuildFile; fileRef = D38602E92975F57B00B4CA5C /* ServiceCoordinatorTests.swift */; };
		D3AD01F52973900100659748 /* AppDelegate.swift in Sources */ = {isa = PBXBuildFile; fileRef = D3AD01F42973900100659748 /* AppDelegate.swift */; };
		D3AD01F72973900100659748 /* SceneDelegate.swift in Sources */ = {isa = PBXBuildFile; fileRef = D3AD01F62973900100659748 /* SceneDelegate.swift */; };
		D3AD01FE2973900200659748 /* Assets.xcassets in Resources */ = {isa = PBXBuildFile; fileRef = D3AD01FD2973900200659748 /* Assets.xcassets */; };
		D3AD02012973900200659748 /* LaunchScreen.storyboard in Resources */ = {isa = PBXBuildFile; fileRef = D3AD01FF2973900200659748 /* LaunchScreen.storyboard */; };
		D3CA8ED429765F24005BBA67 /* ServiceCoordinator+Enums.swift in Sources */ = {isa = PBXBuildFile; fileRef = D3CA8ED329765F24005BBA67 /* ServiceCoordinator+Enums.swift */; };
		D3CA8ED629765F85005BBA67 /* ServiceCoordinator+Extension.swift in Sources */ = {isa = PBXBuildFile; fileRef = D3CA8ED529765F85005BBA67 /* ServiceCoordinator+Extension.swift */; };
		D3CA8ED829766054005BBA67 /* CharacterModal.swift in Sources */ = {isa = PBXBuildFile; fileRef = D3CA8ED729766054005BBA67 /* CharacterModal.swift */; };
		D3CA8EDF29766381005BBA67 /* CharactersViewController.swift in Sources */ = {isa = PBXBuildFile; fileRef = D3CA8EDE29766381005BBA67 /* CharactersViewController.swift */; };
		D3CA8EE129766A5B005BBA67 /* CharacterCollectionViewCell.swift in Sources */ = {isa = PBXBuildFile; fileRef = D3CA8EE029766A5B005BBA67 /* CharacterCollectionViewCell.swift */; };
		D3CD0AFC2973A5B700A7A1CD /* HomeViewController.swift in Sources */ = {isa = PBXBuildFile; fileRef = D3CD0AFB2973A5B700A7A1CD /* HomeViewController.swift */; };
/* End PBXBuildFile section */

/* Begin PBXContainerItemProxy section */
		D38602E02975F2A700B4CA5C /* PBXContainerItemProxy */ = {
			isa = PBXContainerItemProxy;
			containerPortal = D3AD01E92973900100659748 /* Project object */;
			proxyType = 1;
			remoteGlobalIDString = D3AD01F02973900100659748;
			remoteInfo = RickAndMortyAPI;
		};
/* End PBXContainerItemProxy section */

/* Begin PBXFileReference section */
		D354FE9D297A443600120A57 /* CharacterViewModel.swift */ = {isa = PBXFileReference; lastKnownFileType = sourcecode.swift; path = CharacterViewModel.swift; sourceTree = "<group>"; };
		D354FE9F297A461500120A57 /* RickAndMortyAPIConstans.swift */ = {isa = PBXFileReference; lastKnownFileType = sourcecode.swift; path = RickAndMortyAPIConstans.swift; sourceTree = "<group>"; };
		D3741F91297901AD00217E01 /* CharactersView.swift */ = {isa = PBXFileReference; lastKnownFileType = sourcecode.swift; path = CharactersView.swift; sourceTree = "<group>"; };
		D38602D62975EB8200B4CA5C /* ServiceCoordinator.swift */ = {isa = PBXFileReference; lastKnownFileType = sourcecode.swift; path = ServiceCoordinator.swift; sourceTree = "<group>"; };
		D38602DC2975F2A700B4CA5C /* RickAndMortyAPITests.xctest */ = {isa = PBXFileReference; explicitFileType = wrapper.cfbundle; includeInIndex = 0; path = RickAndMortyAPITests.xctest; sourceTree = BUILT_PRODUCTS_DIR; };
		D38602DE2975F2A700B4CA5C /* RickAndMortyAPITests.swift */ = {isa = PBXFileReference; lastKnownFileType = sourcecode.swift; path = RickAndMortyAPITests.swift; sourceTree = "<group>"; };
		D38602E92975F57B00B4CA5C /* ServiceCoordinatorTests.swift */ = {isa = PBXFileReference; lastKnownFileType = sourcecode.swift; path = ServiceCoordinatorTests.swift; sourceTree = "<group>"; };
		D3AD01F12973900100659748 /* RickAndMortyAPI.app */ = {isa = PBXFileReference; explicitFileType = wrapper.application; includeInIndex = 0; path = RickAndMortyAPI.app; sourceTree = BUILT_PRODUCTS_DIR; };
		D3AD01F42973900100659748 /* AppDelegate.swift */ = {isa = PBXFileReference; lastKnownFileType = sourcecode.swift; path = AppDelegate.swift; sourceTree = "<group>"; };
		D3AD01F62973900100659748 /* SceneDelegate.swift */ = {isa = PBXFileReference; lastKnownFileType = sourcecode.swift; path = SceneDelegate.swift; sourceTree = "<group>"; };
		D3AD01FD2973900200659748 /* Assets.xcassets */ = {isa = PBXFileReference; lastKnownFileType = folder.assetcatalog; path = Assets.xcassets; sourceTree = "<group>"; };
		D3AD02002973900200659748 /* Base */ = {isa = PBXFileReference; lastKnownFileType = file.storyboard; name = Base; path = Base.lproj/LaunchScreen.storyboard; sourceTree = "<group>"; };
		D3AD02022973900200659748 /* Info.plist */ = {isa = PBXFileReference; lastKnownFileType = text.plist.xml; path = Info.plist; sourceTree = "<group>"; };
		D3CA8ED329765F24005BBA67 /* ServiceCoordinator+Enums.swift */ = {isa = PBXFileReference; lastKnownFileType = sourcecode.swift; path = "ServiceCoordinator+Enums.swift"; sourceTree = "<group>"; };
		D3CA8ED529765F85005BBA67 /* ServiceCoordinator+Extension.swift */ = {isa = PBXFileReference; lastKnownFileType = sourcecode.swift; path = "ServiceCoordinator+Extension.swift"; sourceTree = "<group>"; };
		D3CA8ED729766054005BBA67 /* CharacterModal.swift */ = {isa = PBXFileReference; lastKnownFileType = sourcecode.swift; path = CharacterModal.swift; sourceTree = "<group>"; };
		D3CA8EDE29766381005BBA67 /* CharactersViewController.swift */ = {isa = PBXFileReference; lastKnownFileType = sourcecode.swift; path = CharactersViewController.swift; sourceTree = "<group>"; };
		D3CA8EE029766A5B005BBA67 /* CharacterCollectionViewCell.swift */ = {isa = PBXFileReference; lastKnownFileType = sourcecode.swift; path = CharacterCollectionViewCell.swift; sourceTree = "<group>"; };
		D3CD0AFB2973A5B700A7A1CD /* HomeViewController.swift */ = {isa = PBXFileReference; lastKnownFileType = sourcecode.swift; path = HomeViewController.swift; sourceTree = "<group>"; };
/* End PBXFileReference section */

/* Begin PBXFrameworksBuildPhase section */
		D38602D92975F2A700B4CA5C /* Frameworks */ = {
			isa = PBXFrameworksBuildPhase;
			buildActionMask = 2147483647;
			files = (
			);
			runOnlyForDeploymentPostprocessing = 0;
		};
		D3AD01EE2973900100659748 /* Frameworks */ = {
			isa = PBXFrameworksBuildPhase;
			buildActionMask = 2147483647;
			files = (
			);
			runOnlyForDeploymentPostprocessing = 0;
		};
/* End PBXFrameworksBuildPhase section */

/* Begin PBXGroup section */
		D38602DD2975F2A700B4CA5C /* RickAndMortyAPITests */ = {
			isa = PBXGroup;
			children = (
				D38602E52975F50B00B4CA5C /* Project */,
				D38602DE2975F2A700B4CA5C /* RickAndMortyAPITests.swift */,
			);
			path = RickAndMortyAPITests;
			sourceTree = "<group>";
		};
		D38602E52975F50B00B4CA5C /* Project */ = {
			isa = PBXGroup;
			children = (
				D38602E62975F51700B4CA5C /* Utils */,
				D38602E72975F51F00B4CA5C /* DelegateApp */,
				D38602E82975F52600B4CA5C /* Home */,
			);
			path = Project;
			sourceTree = "<group>";
		};
		D38602E62975F51700B4CA5C /* Utils */ = {
			isa = PBXGroup;
			children = (
				D38602E92975F57B00B4CA5C /* ServiceCoordinatorTests.swift */,
			);
			path = Utils;
			sourceTree = "<group>";
		};
		D38602E72975F51F00B4CA5C /* DelegateApp */ = {
			isa = PBXGroup;
			children = (
			);
			path = DelegateApp;
			sourceTree = "<group>";
		};
		D38602E82975F52600B4CA5C /* Home */ = {
			isa = PBXGroup;
			children = (
			);
			path = Home;
			sourceTree = "<group>";
		};
		D3AD01E82973900100659748 = {
			isa = PBXGroup;
			children = (
				D3AD01F32973900100659748 /* RickAndMortyAPI */,
				D38602DD2975F2A700B4CA5C /* RickAndMortyAPITests */,
				D3AD01F22973900100659748 /* Products */,
			);
			sourceTree = "<group>";
		};
		D3AD01F22973900100659748 /* Products */ = {
			isa = PBXGroup;
			children = (
				D3AD01F12973900100659748 /* RickAndMortyAPI.app */,
				D38602DC2975F2A700B4CA5C /* RickAndMortyAPITests.xctest */,
			);
			name = Products;
			sourceTree = "<group>";
		};
		D3AD01F32973900100659748 /* RickAndMortyAPI */ = {
			isa = PBXGroup;
			children = (
				D3CD0AF82973A4DE00A7A1CD /* Assets */,
				D3CD0AF32973A42E00A7A1CD /* Project */,
				D3AD02022973900200659748 /* Info.plist */,
			);
			path = RickAndMortyAPI;
			sourceTree = "<group>";
		};
		D3CA8ED229763D9C005BBA67 /* ServiceCoordinator */ = {
			isa = PBXGroup;
			children = (
				D38602D62975EB8200B4CA5C /* ServiceCoordinator.swift */,
				D3CA8ED329765F24005BBA67 /* ServiceCoordinator+Enums.swift */,
				D3CA8ED529765F85005BBA67 /* ServiceCoordinator+Extension.swift */,
			);
			path = ServiceCoordinator;
			sourceTree = "<group>";
		};
		D3CA8EDA2976632C005BBA67 /* AllCharacter */ = {
			isa = PBXGroup;
			children = (
				D3CA8EDB29766350005BBA67 /* View */,
				D3CA8EDC2976635B005BBA67 /* ViewModel */,
				D3CA8EDD29766365005BBA67 /* Model */,
			);
			path = AllCharacter;
			sourceTree = "<group>";
		};
		D3CA8EDB29766350005BBA67 /* View */ = {
			isa = PBXGroup;
			children = (
				D3CA8EDE29766381005BBA67 /* CharactersViewController.swift */,
				D3CA8EE029766A5B005BBA67 /* CharacterCollectionViewCell.swift */,
				D3741F91297901AD00217E01 /* CharactersView.swift */,
			);
			path = View;
			sourceTree = "<group>";
		};
		D3CA8EDC2976635B005BBA67 /* ViewModel */ = {
			isa = PBXGroup;
			children = (
				D354FE9D297A443600120A57 /* CharacterViewModel.swift */,
			);
			path = ViewModel;
			sourceTree = "<group>";
		};
		D3CA8EDD29766365005BBA67 /* Model */ = {
			isa = PBXGroup;
			children = (
				D3CA8ED729766054005BBA67 /* CharacterModal.swift */,
			);
			path = Model;
			sourceTree = "<group>";
		};
		D3CD0AF32973A42E00A7A1CD /* Project */ = {
			isa = PBXGroup;
			children = (
				D3CD0AF92973A4F100A7A1CD /* Utils */,
				D3CD0AFA2973A50300A7A1CD /* DelegateApp */,
				D3CD0AF42973A46400A7A1CD /* Home */,
				D3CA8EDA2976632C005BBA67 /* AllCharacter */,
			);
			path = Project;
			sourceTree = "<group>";
		};
		D3CD0AF42973A46400A7A1CD /* Home */ = {
			isa = PBXGroup;
			children = (
				D3CD0AF52973A49200A7A1CD /* View */,
				D3CD0AF62973A49C00A7A1CD /* ViewModel */,
				D3CD0AF72973A4A700A7A1CD /* Model */,
			);
			path = Home;
			sourceTree = "<group>";
		};
		D3CD0AF52973A49200A7A1CD /* View */ = {
			isa = PBXGroup;
			children = (
				D3CD0AFB2973A5B700A7A1CD /* HomeViewController.swift */,
			);
			path = View;
			sourceTree = "<group>";
		};
		D3CD0AF62973A49C00A7A1CD /* ViewModel */ = {
			isa = PBXGroup;
			children = (
			);
			path = ViewModel;
			sourceTree = "<group>";
		};
		D3CD0AF72973A4A700A7A1CD /* Model */ = {
			isa = PBXGroup;
			children = (
			);
			path = Model;
			sourceTree = "<group>";
		};
		D3CD0AF82973A4DE00A7A1CD /* Assets */ = {
			isa = PBXGroup;
			children = (
				D3AD01FD2973900200659748 /* Assets.xcassets */,
				D3AD01FF2973900200659748 /* LaunchScreen.storyboard */,
			);
			path = Assets;
			sourceTree = "<group>";
		};
		D3CD0AF92973A4F100A7A1CD /* Utils */ = {
			isa = PBXGroup;
			children = (
				D3CA8ED229763D9C005BBA67 /* ServiceCoordinator */,
				D354FE9F297A461500120A57 /* RickAndMortyAPIConstans.swift */,
			);
			path = Utils;
			sourceTree = "<group>";
		};
		D3CD0AFA2973A50300A7A1CD /* DelegateApp */ = {
			isa = PBXGroup;
			children = (
				D3AD01F42973900100659748 /* AppDelegate.swift */,
				D3AD01F62973900100659748 /* SceneDelegate.swift */,
			);
			path = DelegateApp;
			sourceTree = "<group>";
		};
/* End PBXGroup section */

/* Begin PBXNativeTarget section */
		D38602DB2975F2A700B4CA5C /* RickAndMortyAPITests */ = {
			isa = PBXNativeTarget;
			buildConfigurationList = D38602E42975F2A700B4CA5C /* Build configuration list for PBXNativeTarget "RickAndMortyAPITests" */;
			buildPhases = (
				D38602D82975F2A700B4CA5C /* Sources */,
				D38602D92975F2A700B4CA5C /* Frameworks */,
				D38602DA2975F2A700B4CA5C /* Resources */,
			);
			buildRules = (
			);
			dependencies = (
				D38602E12975F2A700B4CA5C /* PBXTargetDependency */,
			);
			name = RickAndMortyAPITests;
			productName = RickAndMortyAPITests;
			productReference = D38602DC2975F2A700B4CA5C /* RickAndMortyAPITests.xctest */;
			productType = "com.apple.product-type.bundle.unit-test";
		};
		D3AD01F02973900100659748 /* RickAndMortyAPI */ = {
			isa = PBXNativeTarget;
			buildConfigurationList = D3AD02052973900200659748 /* Build configuration list for PBXNativeTarget "RickAndMortyAPI" */;
			buildPhases = (
				D3AD01ED2973900100659748 /* Sources */,
				D3AD01EE2973900100659748 /* Frameworks */,
				D3AD01EF2973900100659748 /* Resources */,
			);
			buildRules = (
			);
			dependencies = (
			);
			name = RickAndMortyAPI;
			productName = RickAndMortyAPI;
			productReference = D3AD01F12973900100659748 /* RickAndMortyAPI.app */;
			productType = "com.apple.product-type.application";
		};
/* End PBXNativeTarget section */

/* Begin PBXProject section */
		D3AD01E92973900100659748 /* Project object */ = {
			isa = PBXProject;
			attributes = {
				BuildIndependentTargetsInParallel = 1;
				LastSwiftUpdateCheck = 1420;
				LastUpgradeCheck = 1420;
				TargetAttributes = {
					D38602DB2975F2A700B4CA5C = {
						CreatedOnToolsVersion = 14.2;
						TestTargetID = D3AD01F02973900100659748;
					};
					D3AD01F02973900100659748 = {
						CreatedOnToolsVersion = 14.2;
					};
				};
			};
			buildConfigurationList = D3AD01EC2973900100659748 /* Build configuration list for PBXProject "RickAndMortyAPI" */;
			compatibilityVersion = "Xcode 14.0";
			developmentRegion = en;
			hasScannedForEncodings = 0;
			knownRegions = (
				en,
				Base,
			);
			mainGroup = D3AD01E82973900100659748;
			productRefGroup = D3AD01F22973900100659748 /* Products */;
			projectDirPath = "";
			projectRoot = "";
			targets = (
				D3AD01F02973900100659748 /* RickAndMortyAPI */,
				D38602DB2975F2A700B4CA5C /* RickAndMortyAPITests */,
			);
		};
/* End PBXProject section */

/* Begin PBXResourcesBuildPhase section */
		D38602DA2975F2A700B4CA5C /* Resources */ = {
			isa = PBXResourcesBuildPhase;
			buildActionMask = 2147483647;
			files = (
			);
			runOnlyForDeploymentPostprocessing = 0;
		};
		D3AD01EF2973900100659748 /* Resources */ = {
			isa = PBXResourcesBuildPhase;
			buildActionMask = 2147483647;
			files = (
				D3AD02012973900200659748 /* LaunchScreen.storyboard in Resources */,
				D3AD01FE2973900200659748 /* Assets.xcassets in Resources */,
			);
			runOnlyForDeploymentPostprocessing = 0;
		};
/* End PBXResourcesBuildPhase section */

/* Begin PBXSourcesBuildPhase section */
		D38602D82975F2A700B4CA5C /* Sources */ = {
			isa = PBXSourcesBuildPhase;
			buildActionMask = 2147483647;
			files = (
				D38602EA2975F57B00B4CA5C /* ServiceCoordinatorTests.swift in Sources */,
				D38602DF2975F2A700B4CA5C /* RickAndMortyAPITests.swift in Sources */,
			);
			runOnlyForDeploymentPostprocessing = 0;
		};
		D3AD01ED2973900100659748 /* Sources */ = {
			isa = PBXSourcesBuildPhase;
			buildActionMask = 2147483647;
			files = (
				D3CA8EDF29766381005BBA67 /* CharactersViewController.swift in Sources */,
				D38602D72975EB8200B4CA5C /* ServiceCoordinator.swift in Sources */,
				D354FEA0297A461500120A57 /* RickAndMortyAPIConstans.swift in Sources */,
				D3AD01F52973900100659748 /* AppDelegate.swift in Sources */,
				D3CA8EE129766A5B005BBA67 /* CharacterCollectionViewCell.swift in Sources */,
				D3CA8ED829766054005BBA67 /* CharacterModal.swift in Sources */,
				D3AD01F72973900100659748 /* SceneDelegate.swift in Sources */,
				D354FE9E297A443600120A57 /* CharacterViewModel.swift in Sources */,
				D3741F92297901AD00217E01 /* CharactersView.swift in Sources */,
				D3CD0AFC2973A5B700A7A1CD /* HomeViewController.swift in Sources */,
				D3CA8ED629765F85005BBA67 /* ServiceCoordinator+Extension.swift in Sources */,
				D3CA8ED429765F24005BBA67 /* ServiceCoordinator+Enums.swift in Sources */,
			);
			runOnlyForDeploymentPostprocessing = 0;
		};
/* End PBXSourcesBuildPhase section */

/* Begin PBXTargetDependency section */
		D38602E12975F2A700B4CA5C /* PBXTargetDependency */ = {
			isa = PBXTargetDependency;
			target = D3AD01F02973900100659748 /* RickAndMortyAPI */;
			targetProxy = D38602E02975F2A700B4CA5C /* PBXContainerItemProxy */;
		};
/* End PBXTargetDependency section */

/* Begin PBXVariantGroup section */
		D3AD01FF2973900200659748 /* LaunchScreen.storyboard */ = {
			isa = PBXVariantGroup;
			children = (
				D3AD02002973900200659748 /* Base */,
			);
			name = LaunchScreen.storyboard;
			sourceTree = "<group>";
		};
/* End PBXVariantGroup section */

/* Begin XCBuildConfiguration section */
		D38602E22975F2A700B4CA5C /* Debug */ = {
			isa = XCBuildConfiguration;
			buildSettings = {
				BUNDLE_LOADER = "$(TEST_HOST)";
				CODE_SIGN_STYLE = Automatic;
				CURRENT_PROJECT_VERSION = 1;
				DEVELOPMENT_TEAM = 7BU6L2YRP3;
				GENERATE_INFOPLIST_FILE = YES;
				MARKETING_VERSION = 1.0;
				PRODUCT_BUNDLE_IDENTIFIER = maxezio.RickAndMortyAPITests;
				PRODUCT_NAME = "$(TARGET_NAME)";
				SWIFT_EMIT_LOC_STRINGS = NO;
				SWIFT_VERSION = 5.0;
				TARGETED_DEVICE_FAMILY = "1,2";
				TEST_HOST = "$(BUILT_PRODUCTS_DIR)/RickAndMortyAPI.app/$(BUNDLE_EXECUTABLE_FOLDER_PATH)/RickAndMortyAPI";
			};
			name = Debug;
		};
		D38602E32975F2A700B4CA5C /* Release */ = {
			isa = XCBuildConfiguration;
			buildSettings = {
				BUNDLE_LOADER = "$(TEST_HOST)";
				CODE_SIGN_STYLE = Automatic;
				CURRENT_PROJECT_VERSION = 1;
				DEVELOPMENT_TEAM = 7BU6L2YRP3;
				GENERATE_INFOPLIST_FILE = YES;
				MARKETING_VERSION = 1.0;
				PRODUCT_BUNDLE_IDENTIFIER = maxezio.RickAndMortyAPITests;
				PRODUCT_NAME = "$(TARGET_NAME)";
				SWIFT_EMIT_LOC_STRINGS = NO;
				SWIFT_VERSION = 5.0;
				TARGETED_DEVICE_FAMILY = "1,2";
				TEST_HOST = "$(BUILT_PRODUCTS_DIR)/RickAndMortyAPI.app/$(BUNDLE_EXECUTABLE_FOLDER_PATH)/RickAndMortyAPI";
			};
			name = Release;
		};
		D3AD02032973900200659748 /* Debug */ = {
			isa = XCBuildConfiguration;
			buildSettings = {
				ALWAYS_SEARCH_USER_PATHS = NO;
				CLANG_ANALYZER_NONNULL = YES;
				CLANG_ANALYZER_NUMBER_OBJECT_CONVERSION = YES_AGGRESSIVE;
				CLANG_CXX_LANGUAGE_STANDARD = "gnu++20";
				CLANG_ENABLE_MODULES = YES;
				CLANG_ENABLE_OBJC_ARC = YES;
				CLANG_ENABLE_OBJC_WEAK = YES;
				CLANG_WARN_BLOCK_CAPTURE_AUTORELEASING = YES;
				CLANG_WARN_BOOL_CONVERSION = YES;
				CLANG_WARN_COMMA = YES;
				CLANG_WARN_CONSTANT_CONVERSION = YES;
				CLANG_WARN_DEPRECATED_OBJC_IMPLEMENTATIONS = YES;
				CLANG_WARN_DIRECT_OBJC_ISA_USAGE = YES_ERROR;
				CLANG_WARN_DOCUMENTATION_COMMENTS = YES;
				CLANG_WARN_EMPTY_BODY = YES;
				CLANG_WARN_ENUM_CONVERSION = YES;
				CLANG_WARN_INFINITE_RECURSION = YES;
				CLANG_WARN_INT_CONVERSION = YES;
				CLANG_WARN_NON_LITERAL_NULL_CONVERSION = YES;
				CLANG_WARN_OBJC_IMPLICIT_RETAIN_SELF = YES;
				CLANG_WARN_OBJC_LITERAL_CONVERSION = YES;
				CLANG_WARN_OBJC_ROOT_CLASS = YES_ERROR;
				CLANG_WARN_QUOTED_INCLUDE_IN_FRAMEWORK_HEADER = YES;
				CLANG_WARN_RANGE_LOOP_ANALYSIS = YES;
				CLANG_WARN_STRICT_PROTOTYPES = YES;
				CLANG_WARN_SUSPICIOUS_MOVE = YES;
				CLANG_WARN_UNGUARDED_AVAILABILITY = YES_AGGRESSIVE;
				CLANG_WARN_UNREACHABLE_CODE = YES;
				CLANG_WARN__DUPLICATE_METHOD_MATCH = YES;
				COPY_PHASE_STRIP = NO;
				DEBUG_INFORMATION_FORMAT = dwarf;
				ENABLE_STRICT_OBJC_MSGSEND = YES;
				ENABLE_TESTABILITY = YES;
				GCC_C_LANGUAGE_STANDARD = gnu11;
				GCC_DYNAMIC_NO_PIC = NO;
				GCC_NO_COMMON_BLOCKS = YES;
				GCC_OPTIMIZATION_LEVEL = 0;
				GCC_PREPROCESSOR_DEFINITIONS = (
					"DEBUG=1",
					"$(inherited)",
				);
				GCC_WARN_64_TO_32_BIT_CONVERSION = YES;
				GCC_WARN_ABOUT_RETURN_TYPE = YES_ERROR;
				GCC_WARN_UNDECLARED_SELECTOR = YES;
				GCC_WARN_UNINITIALIZED_AUTOS = YES_AGGRESSIVE;
				GCC_WARN_UNUSED_FUNCTION = YES;
				GCC_WARN_UNUSED_VARIABLE = YES;
				IPHONEOS_DEPLOYMENT_TARGET = 16.2;
				MTL_ENABLE_DEBUG_INFO = INCLUDE_SOURCE;
				MTL_FAST_MATH = YES;
				ONLY_ACTIVE_ARCH = YES;
				SDKROOT = iphoneos;
				SWIFT_ACTIVE_COMPILATION_CONDITIONS = DEBUG;
				SWIFT_OPTIMIZATION_LEVEL = "-Onone";
			};
			name = Debug;
		};
		D3AD02042973900200659748 /* Release */ = {
			isa = XCBuildConfiguration;
			buildSettings = {
				ALWAYS_SEARCH_USER_PATHS = NO;
				CLANG_ANALYZER_NONNULL = YES;
				CLANG_ANALYZER_NUMBER_OBJECT_CONVERSION = YES_AGGRESSIVE;
				CLANG_CXX_LANGUAGE_STANDARD = "gnu++20";
				CLANG_ENABLE_MODULES = YES;
				CLANG_ENABLE_OBJC_ARC = YES;
				CLANG_ENABLE_OBJC_WEAK = YES;
				CLANG_WARN_BLOCK_CAPTURE_AUTORELEASING = YES;
				CLANG_WARN_BOOL_CONVERSION = YES;
				CLANG_WARN_COMMA = YES;
				CLANG_WARN_CONSTANT_CONVERSION = YES;
				CLANG_WARN_DEPRECATED_OBJC_IMPLEMENTATIONS = YES;
				CLANG_WARN_DIRECT_OBJC_ISA_USAGE = YES_ERROR;
				CLANG_WARN_DOCUMENTATION_COMMENTS = YES;
				CLANG_WARN_EMPTY_BODY = YES;
				CLANG_WARN_ENUM_CONVERSION = YES;
				CLANG_WARN_INFINITE_RECURSION = YES;
				CLANG_WARN_INT_CONVERSION = YES;
				CLANG_WARN_NON_LITERAL_NULL_CONVERSION = YES;
				CLANG_WARN_OBJC_IMPLICIT_RETAIN_SELF = YES;
				CLANG_WARN_OBJC_LITERAL_CONVERSION = YES;
				CLANG_WARN_OBJC_ROOT_CLASS = YES_ERROR;
				CLANG_WARN_QUOTED_INCLUDE_IN_FRAMEWORK_HEADER = YES;
				CLANG_WARN_RANGE_LOOP_ANALYSIS = YES;
				CLANG_WARN_STRICT_PROTOTYPES = YES;
				CLANG_WARN_SUSPICIOUS_MOVE = YES;
				CLANG_WARN_UNGUARDED_AVAILABILITY = YES_AGGRESSIVE;
				CLANG_WARN_UNREACHABLE_CODE = YES;
				CLANG_WARN__DUPLICATE_METHOD_MATCH = YES;
				COPY_PHASE_STRIP = NO;
				DEBUG_INFORMATION_FORMAT = "dwarf-with-dsym";
				ENABLE_NS_ASSERTIONS = NO;
				ENABLE_STRICT_OBJC_MSGSEND = YES;
				GCC_C_LANGUAGE_STANDARD = gnu11;
				GCC_NO_COMMON_BLOCKS = YES;
				GCC_WARN_64_TO_32_BIT_CONVERSION = YES;
				GCC_WARN_ABOUT_RETURN_TYPE = YES_ERROR;
				GCC_WARN_UNDECLARED_SELECTOR = YES;
				GCC_WARN_UNINITIALIZED_AUTOS = YES_AGGRESSIVE;
				GCC_WARN_UNUSED_FUNCTION = YES;
				GCC_WARN_UNUSED_VARIABLE = YES;
				IPHONEOS_DEPLOYMENT_TARGET = 16.2;
				MTL_ENABLE_DEBUG_INFO = NO;
				MTL_FAST_MATH = YES;
				SDKROOT = iphoneos;
				SWIFT_COMPILATION_MODE = wholemodule;
				SWIFT_OPTIMIZATION_LEVEL = "-O";
				VALIDATE_PRODUCT = YES;
			};
			name = Release;
		};
		D3AD02062973900200659748 /* Debug */ = {
			isa = XCBuildConfiguration;
			buildSettings = {
				ASSETCATALOG_COMPILER_APPICON_NAME = AppIcon;
				ASSETCATALOG_COMPILER_GLOBAL_ACCENT_COLOR_NAME = AccentColor;
				CODE_SIGN_STYLE = Automatic;
				CURRENT_PROJECT_VERSION = 1;
				DEVELOPMENT_TEAM = 7BU6L2YRP3;
				GENERATE_INFOPLIST_FILE = YES;
				INFOPLIST_FILE = RickAndMortyAPI/Info.plist;
				INFOPLIST_KEY_CFBundleDisplayName = "Rick and Morty API";
				INFOPLIST_KEY_UIApplicationSupportsIndirectInputEvents = YES;
				INFOPLIST_KEY_UILaunchStoryboardName = LaunchScreen;
				INFOPLIST_KEY_UIStatusBarStyle = UIStatusBarStyleDarkContent;
				INFOPLIST_KEY_UISupportedInterfaceOrientations = UIInterfaceOrientationPortrait;
				INFOPLIST_KEY_UISupportedInterfaceOrientations_iPad = "UIInterfaceOrientationLandscapeLeft UIInterfaceOrientationLandscapeRight UIInterfaceOrientationPortrait UIInterfaceOrientationPortraitUpsideDown";
				IPHONEOS_DEPLOYMENT_TARGET = 15.0;
				LD_RUNPATH_SEARCH_PATHS = (
					"$(inherited)",
					"@executable_path/Frameworks",
				);
				MARKETING_VERSION = 0.0;
				PRODUCT_BUNDLE_IDENTIFIER = maxezio.RickAndMortyAPI;
				PRODUCT_NAME = "$(TARGET_NAME)";
				SUPPORTED_PLATFORMS = "iphoneos iphonesimulator";
				SUPPORTS_MACCATALYST = NO;
				SUPPORTS_MAC_DESIGNED_FOR_IPHONE_IPAD = NO;
				SWIFT_EMIT_LOC_STRINGS = YES;
				SWIFT_VERSION = 5.0;
				TARGETED_DEVICE_FAMILY = 1;
			};
			name = Debug;
		};
		D3AD02072973900200659748 /* Release */ = {
			isa = XCBuildConfiguration;
			buildSettings = {
				ASSETCATALOG_COMPILER_APPICON_NAME = AppIcon;
				ASSETCATALOG_COMPILER_GLOBAL_ACCENT_COLOR_NAME = AccentColor;
				CODE_SIGN_STYLE = Automatic;
				CURRENT_PROJECT_VERSION = 1;
				DEVELOPMENT_TEAM = 7BU6L2YRP3;
				GENERATE_INFOPLIST_FILE = YES;
				INFOPLIST_FILE = RickAndMortyAPI/Info.plist;
				INFOPLIST_KEY_CFBundleDisplayName = "Rick and Morty API";
				INFOPLIST_KEY_UIApplicationSupportsIndirectInputEvents = YES;
				INFOPLIST_KEY_UILaunchStoryboardName = LaunchScreen;
				INFOPLIST_KEY_UIStatusBarStyle = UIStatusBarStyleDarkContent;
				INFOPLIST_KEY_UISupportedInterfaceOrientations = UIInterfaceOrientationPortrait;
				INFOPLIST_KEY_UISupportedInterfaceOrientations_iPad = "UIInterfaceOrientationLandscapeLeft UIInterfaceOrientationLandscapeRight UIInterfaceOrientationPortrait UIInterfaceOrientationPortraitUpsideDown";
				IPHONEOS_DEPLOYMENT_TARGET = 15.0;
				LD_RUNPATH_SEARCH_PATHS = (
					"$(inherited)",
					"@executable_path/Frameworks",
				);
				MARKETING_VERSION = 0.0;
				PRODUCT_BUNDLE_IDENTIFIER = maxezio.RickAndMortyAPI;
				PRODUCT_NAME = "$(TARGET_NAME)";
				SUPPORTED_PLATFORMS = "iphoneos iphonesimulator";
				SUPPORTS_MACCATALYST = NO;
				SUPPORTS_MAC_DESIGNED_FOR_IPHONE_IPAD = NO;
				SWIFT_EMIT_LOC_STRINGS = YES;
				SWIFT_VERSION = 5.0;
				TARGETED_DEVICE_FAMILY = 1;
			};
			name = Release;
		};
/* End XCBuildConfiguration section */

/* Begin XCConfigurationList section */
		D38602E42975F2A700B4CA5C /* Build configuration list for PBXNativeTarget "RickAndMortyAPITests" */ = {
			isa = XCConfigurationList;
			buildConfigurations = (
				D38602E22975F2A700B4CA5C /* Debug */,
				D38602E32975F2A700B4CA5C /* Release */,
			);
			defaultConfigurationIsVisible = 0;
			defaultConfigurationName = Release;
		};
		D3AD01EC2973900100659748 /* Build configuration list for PBXProject "RickAndMortyAPI" */ = {
			isa = XCConfigurationList;
			buildConfigurations = (
				D3AD02032973900200659748 /* Debug */,
				D3AD02042973900200659748 /* Release */,
			);
			defaultConfigurationIsVisible = 0;
			defaultConfigurationName = Release;
		};
		D3AD02052973900200659748 /* Build configuration list for PBXNativeTarget "RickAndMortyAPI" */ = {
			isa = XCConfigurationList;
			buildConfigurations = (
				D3AD02062973900200659748 /* Debug */,
				D3AD02072973900200659748 /* Release */,
			);
			defaultConfigurationIsVisible = 0;
			defaultConfigurationName = Release;
		};
/* End XCConfigurationList section */
	};
	rootObject = D3AD01E92973900100659748 /* Project object */;
}
